<?xml version="1.0" encoding="utf-8"?>
<Project ToolsVersion="4.0" xmlns="http://schemas.microsoft.com/developer/msbuild/2003">
  <ItemGroup>
    <Filter Include="Source Files">
      <UniqueIdentifier>{4FC737F1-C7A5-4376-A066-2A32D752A2FF}</UniqueIdentifier>
      <Extensions>cpp;c;cc;cxx;def;odl;idl;hpj;bat;asm;asmx</Extensions>
    </Filter>
    <Filter Include="Header Files">
      <UniqueIdentifier>{93995380-89BD-4b04-88EB-625FBE52EBFB}</UniqueIdentifier>
      <Extensions>h;hpp;hxx;hm;inl;inc;xsd</Extensions>
    </Filter>
    <Filter Include="Resource Files">
      <UniqueIdentifier>{67DA6AB6-F800-4c08-8B7A-83BB121AAD01}</UniqueIdentifier>
      <Extensions>rc;ico;cur;bmp;dlg;rc2;rct;bin;rgs;gif;jpg;jpeg;jpe;resx;tiff;tif;png;wav;mfcribbon-ms</Extensions>
    </Filter>
    <Filter Include="Mr">
      <UniqueIdentifier>{b561d139-9970-49b9-912a-a248b9b83298}</UniqueIdentifier>
    </Filter>
    <Filter Include="Mr\file">
      <UniqueIdentifier>{33420e54-8de6-455a-9928-a3558a730b71}</UniqueIdentifier>
    </Filter>
    <Filter Include="Mr\raw">
      <UniqueIdentifier>{0385faf0-3e06-4f73-a31f-7d425f44e03f}</UniqueIdentifier>
    </Filter>
    <Filter Include="Mr\virtual">
      <UniqueIdentifier>{124d08dd-3e9a-4e23-b598-1d234c159c33}</UniqueIdentifier>
    </Filter>
    <Filter Include="Hlp">
      <UniqueIdentifier>{1b598426-f7e5-4e48-a74f-24d578f773fd}</UniqueIdentifier>
    </Filter>
  </ItemGroup>
  <ItemGroup>
    <ClInclude Include="types.h">
      <Filter>Header Files</Filter>
    </ClInclude>
    <ClInclude Include="preproc.h">
      <Filter>Header Files</Filter>
    </ClInclude>
    <ClInclude Include="peel.h">
      <Filter>Source Files</Filter>
    </ClInclude>
    <ClInclude Include="file.h">
      <Filter>Mr\file</Filter>
    </ClInclude>
    <ClInclude Include="virtual.h">
      <Filter>Mr\virtual</Filter>
    </ClInclude>
    <ClInclude Include="raw.h">
      <Filter>Mr\raw</Filter>
    </ClInclude>
  </ItemGroup>
  <ItemGroup>
    <ClCompile Include="file.c">
      <Filter>Mr\file</Filter>
    </ClCompile>
    <ClCompile Include="raw.c">
      <Filter>Mr\raw</Filter>
    </ClCompile>
    <ClCompile Include="virtual.c">
      <Filter>Mr\virtual</Filter>
    </ClCompile>
    <ClCompile Include="peel.c">
      <Filter>Source Files</Filter>
    </ClCompile>
  </ItemGroup>
</Project>